
Microsoft Visual Studio Solution File, Format Version 12.00
# Visual Studio 15
VisualStudioVersion = 15.0.27703.2000
MinimumVisualStudioVersion = 10.0.40219.1
Project("{FAE04EC0-301F-11D3-BF4B-00C04F79EFBC}") = "TestGit2", "TestGit2\TestGit2.csproj", "{518F8890-86A6-4C5A-9554-A09D11BA29EB}"
EndProject
Global
	GlobalSection(SolutionConfigurationPlatforms) = preSolution
		Debug|Any CPU = Debug|Any CPU
		Release|Any CPU = Release|Any CPU
	EndGlobalSection
	GlobalSection(ProjectConfigurationPlatforms) = postSolution
		{518F8890-86A6-4C5A-9554-A09D11BA29EB}.Debug|Any CPU.ActiveCfg = Debug|Any CPU
		{518F8890-86A6-4C5A-9554-A09D11BA29EB}.Debug|Any CPU.Build.0 = Debug|Any CPU
		{518F8890-86A6-4C5A-9554-A09D11BA29EB}.Release|Any CPU.ActiveCfg = Release|Any CPU
		{518F8890-86A6-4C5A-9554-A09D11BA29EB}.Release|Any CPU.Build.0 = Release|Any CPU
	EndGlobalSection
	GlobalSection(SolutionProperties) = preSolution
		HideSolutionNode = FALSE
	EndGlobalSection
	GlobalSection(ExtensibilityGlobals) = postSolution
		SolutionGuid = {C88A452F-897C-4944-98E3-2604AC60D984}
	EndGlobalSection
EndGlobal
